{
  "name": "test",
  "lockfileVersion": 2,
  "requires": true,
  "packages": {
    "": {
      "dependencies": {
        "fine-crypt": "file:../fine-crypt"
      }
    },
    "../fine-crypt": {
      "version": "1.0.1",
      "license": "ISC"
    },
    "node_modules/fine-crypt": {
      "resolved": "../fine-crypt",
      "link": true
    }
  },
  "dependencies": {
    "fine-crypt": {
      "version": "file:../fine-crypt"
    }
  }
}
